
Microsoft Visual Studio Solution File, Format Version 12.00
# Visual Studio 15
VisualStudioVersion = 15.0.28307.106
MinimumVisualStudioVersion = 10.0.40219.1
Project("{9A19103F-16F7-4668-BE54-9A1E7A4F7556}") = "AgendaClinicaVivaEstetica.Apresentacao", "AgendaClinicaVivaEstetica.Apresentacao\AgendaClinicaVivaEstetica.Apresentacao.csproj", "{70C44EB6-A5F4-4B12-89A5-3740ECA5A990}"
EndProject
Project("{FAE04EC0-301F-11D3-BF4B-00C04F79EFBC}") = "AgendaClinicaVivaEstetica.Dominio", "AgendaClinicaVivaEstetica.Dominio\AgendaClinicaVivaEstetica.Dominio.csproj", "{B4A5E95C-B1F9-4680-B9AA-C6BD73C13534}"
EndProject
Project("{FAE04EC0-301F-11D3-BF4B-00C04F79EFBC}") = "AgendaClinicaVivaEstetica.DAL", "AgendaClinicaVivaEstetica.DAL\AgendaClinicaVivaEstetica.DAL.csproj", "{9E17A499-21E3-45A1-9AD6-2F4D7B206C97}"
EndProject
Global
	GlobalSection(SolutionConfigurationPlatforms) = preSolution
		Debug|Any CPU = Debug|Any CPU
		Release|Any CPU = Release|Any CPU
	EndGlobalSection
	GlobalSection(ProjectConfigurationPlatforms) = postSolution
		{70C44EB6-A5F4-4B12-89A5-3740ECA5A990}.Debug|Any CPU.ActiveCfg = Debug|Any CPU
		{70C44EB6-A5F4-4B12-89A5-3740ECA5A990}.Debug|Any CPU.Build.0 = Debug|Any CPU
		{70C44EB6-A5F4-4B12-89A5-3740ECA5A990}.Release|Any CPU.ActiveCfg = Release|Any CPU
		{70C44EB6-A5F4-4B12-89A5-3740ECA5A990}.Release|Any CPU.Build.0 = Release|Any CPU
		{B4A5E95C-B1F9-4680-B9AA-C6BD73C13534}.Debug|Any CPU.ActiveCfg = Debug|Any CPU
		{B4A5E95C-B1F9-4680-B9AA-C6BD73C13534}.Debug|Any CPU.Build.0 = Debug|Any CPU
		{B4A5E95C-B1F9-4680-B9AA-C6BD73C13534}.Release|Any CPU.ActiveCfg = Release|Any CPU
		{B4A5E95C-B1F9-4680-B9AA-C6BD73C13534}.Release|Any CPU.Build.0 = Release|Any CPU
		{9E17A499-21E3-45A1-9AD6-2F4D7B206C97}.Debug|Any CPU.ActiveCfg = Debug|Any CPU
		{9E17A499-21E3-45A1-9AD6-2F4D7B206C97}.Debug|Any CPU.Build.0 = Debug|Any CPU
		{9E17A499-21E3-45A1-9AD6-2F4D7B206C97}.Release|Any CPU.ActiveCfg = Release|Any CPU
		{9E17A499-21E3-45A1-9AD6-2F4D7B206C97}.Release|Any CPU.Build.0 = Release|Any CPU
	EndGlobalSection
	GlobalSection(SolutionProperties) = preSolution
		HideSolutionNode = FALSE
	EndGlobalSection
	GlobalSection(ExtensibilityGlobals) = postSolution
		SolutionGuid = {00C063E8-90A5-4A46-AD5C-FE01D22B2C6C}
	EndGlobalSection
EndGlobal
